// !$*UTF8*$!
{
	archiveVersion = 1;
	classes = {
	};
	objectVersion = 55;
	objects = {

/* Begin PBXBuildFile section */
		D32F594027EF2DAE004C5ADF /* XCTestCase+Extentions.swift in Sources */ = {isa = PBXBuildFile; fileRef = D32F593F27EF2DAE004C5ADF /* XCTestCase+Extentions.swift */; };
		D32F594327EF2DCF004C5ADF /* SharedHelpers.swift in Sources */ = {isa = PBXBuildFile; fileRef = D32F594227EF2DCF004C5ADF /* SharedHelpers.swift */; };
		D32F594527EF63BF004C5ADF /* URLSessionTests.swift in Sources */ = {isa = PBXBuildFile; fileRef = D32F594427EF63BF004C5ADF /* URLSessionTests.swift */; };
		D32F594627EF672F004C5ADF /* URLSessionImp.swift in Sources */ = {isa = PBXBuildFile; fileRef = D3C0375427ECF88200B8D2A1 /* URLSessionImp.swift */; };
		D32F594727EF6FEA004C5ADF /* Character.swift in Sources */ = {isa = PBXBuildFile; fileRef = D3C0376A27ED01F200B8D2A1 /* Character.swift */; };
		D32F594827EF711A004C5ADF /* RemoteDataManager.swift in Sources */ = {isa = PBXBuildFile; fileRef = D3C0375127ECF82C00B8D2A1 /* RemoteDataManager.swift */; };
		D32F594927EF711D004C5ADF /* AllCharactersRequest.swift in Sources */ = {isa = PBXBuildFile; fileRef = D3C0376827ED01D400B8D2A1 /* AllCharactersRequest.swift */; };
		D32F594B27EF72A9004C5ADF /* URLProtocolStub.swift in Sources */ = {isa = PBXBuildFile; fileRef = D32F594A27EF72A9004C5ADF /* URLProtocolStub.swift */; };
		D32F594E27EF747B004C5ADF /* Database.xcdatamodeld in Sources */ = {isa = PBXBuildFile; fileRef = D32F594C27EF747B004C5ADF /* Database.xcdatamodeld */; };
		D32F595327EF799E004C5ADF /* CoreDataTests.swift in Sources */ = {isa = PBXBuildFile; fileRef = D32F595227EF799E004C5ADF /* CoreDataTests.swift */; };
		D32F595427EF7A27004C5ADF /* Database.xcdatamodeld in Sources */ = {isa = PBXBuildFile; fileRef = D32F594C27EF747B004C5ADF /* Database.xcdatamodeld */; };
		D32F595527EF7A2A004C5ADF /* CoreDataImp.swift in Sources */ = {isa = PBXBuildFile; fileRef = D3C0375D27ECFA0500B8D2A1 /* CoreDataImp.swift */; };
		D32F595627EFA87B004C5ADF /* LocalDataManager.swift in Sources */ = {isa = PBXBuildFile; fileRef = D3C0375A27ECF9ED00B8D2A1 /* LocalDataManager.swift */; };
		D3787F1227EE140600C600F5 /* SessionAPITests.swift in Sources */ = {isa = PBXBuildFile; fileRef = D3787F1127EE140600C600F5 /* SessionAPITests.swift */; };
		D3787F1327EE169800C600F5 /* SessionAPI.swift in Sources */ = {isa = PBXBuildFile; fileRef = D3C0375827ECF91E00B8D2A1 /* SessionAPI.swift */; };
		D3787F1427EE169C00C600F5 /* APIRequest.swift in Sources */ = {isa = PBXBuildFile; fileRef = D3C0375627ECF8BB00B8D2A1 /* APIRequest.swift */; };
		D3C036FD27ECE6D100B8D2A1 /* AppDelegate.swift in Sources */ = {isa = PBXBuildFile; fileRef = D3C036FC27ECE6D100B8D2A1 /* AppDelegate.swift */; };
		D3C036FF27ECE6D100B8D2A1 /* SceneDelegate.swift in Sources */ = {isa = PBXBuildFile; fileRef = D3C036FE27ECE6D100B8D2A1 /* SceneDelegate.swift */; };
		D3C0370927ECE6D200B8D2A1 /* Assets.xcassets in Resources */ = {isa = PBXBuildFile; fileRef = D3C0370827ECE6D200B8D2A1 /* Assets.xcassets */; };
		D3C0370C27ECE6D200B8D2A1 /* LaunchScreen.storyboard in Resources */ = {isa = PBXBuildFile; fileRef = D3C0370A27ECE6D200B8D2A1 /* LaunchScreen.storyboard */; };
		D3C0373227ECEADD00B8D2A1 /* Coordinator.swift in Sources */ = {isa = PBXBuildFile; fileRef = D3C0373127ECEADD00B8D2A1 /* Coordinator.swift */; };
		D3C0373B27ECEE2C00B8D2A1 /* Localizable.strings in Resources */ = {isa = PBXBuildFile; fileRef = D3C0373D27ECEE2C00B8D2A1 /* Localizable.strings */; };
		D3C0374027ECEE5E00B8D2A1 /* AppCoordinator.swift in Sources */ = {isa = PBXBuildFile; fileRef = D3C0373F27ECEE5E00B8D2A1 /* AppCoordinator.swift */; };
		D3C0374427ECF05A00B8D2A1 /* CharactersViewController.swift in Sources */ = {isa = PBXBuildFile; fileRef = D3C0374227ECF05A00B8D2A1 /* CharactersViewController.swift */; };
		D3C0374527ECF05A00B8D2A1 /* CharactersViewController.xib in Resources */ = {isa = PBXBuildFile; fileRef = D3C0374327ECF05A00B8D2A1 /* CharactersViewController.xib */; };
		D3C0374727ECF09400B8D2A1 /* CharactersCoordinator.swift in Sources */ = {isa = PBXBuildFile; fileRef = D3C0374627ECF09400B8D2A1 /* CharactersCoordinator.swift */; };
		D3C0374A27ECF47800B8D2A1 /* UIColor+Extensions.swift in Sources */ = {isa = PBXBuildFile; fileRef = D3C0374927ECF47800B8D2A1 /* UIColor+Extensions.swift */; };
		D3C0375027ECF7EA00B8D2A1 /* DataManager.swift in Sources */ = {isa = PBXBuildFile; fileRef = D3C0374F27ECF7EA00B8D2A1 /* DataManager.swift */; };
		D3C0375227ECF82C00B8D2A1 /* RemoteDataManager.swift in Sources */ = {isa = PBXBuildFile; fileRef = D3C0375127ECF82C00B8D2A1 /* RemoteDataManager.swift */; };
		D3C0375527ECF88200B8D2A1 /* URLSessionImp.swift in Sources */ = {isa = PBXBuildFile; fileRef = D3C0375427ECF88200B8D2A1 /* URLSessionImp.swift */; };
		D3C0375727ECF8BB00B8D2A1 /* APIRequest.swift in Sources */ = {isa = PBXBuildFile; fileRef = D3C0375627ECF8BB00B8D2A1 /* APIRequest.swift */; };
		D3C0375927ECF91E00B8D2A1 /* SessionAPI.swift in Sources */ = {isa = PBXBuildFile; fileRef = D3C0375827ECF91E00B8D2A1 /* SessionAPI.swift */; };
		D3C0375B27ECF9ED00B8D2A1 /* LocalDataManager.swift in Sources */ = {isa = PBXBuildFile; fileRef = D3C0375A27ECF9ED00B8D2A1 /* LocalDataManager.swift */; };
		D3C0375E27ECFA0500B8D2A1 /* CoreDataImp.swift in Sources */ = {isa = PBXBuildFile; fileRef = D3C0375D27ECFA0500B8D2A1 /* CoreDataImp.swift */; };
		D3C0376027ECFBB500B8D2A1 /* CharactersDataManager.swift in Sources */ = {isa = PBXBuildFile; fileRef = D3C0375F27ECFBB500B8D2A1 /* CharactersDataManager.swift */; };
		D3C0376227ECFC8D00B8D2A1 /* CharactersViewModel.swift in Sources */ = {isa = PBXBuildFile; fileRef = D3C0376127ECFC8D00B8D2A1 /* CharactersViewModel.swift */; };
		D3C0376927ED01D400B8D2A1 /* AllCharactersRequest.swift in Sources */ = {isa = PBXBuildFile; fileRef = D3C0376827ED01D400B8D2A1 /* AllCharactersRequest.swift */; };
		D3C0376B27ED01F200B8D2A1 /* Character.swift in Sources */ = {isa = PBXBuildFile; fileRef = D3C0376A27ED01F200B8D2A1 /* Character.swift */; };
		D3DE2F1527F05EF6005C6C2E /* NSManagedObject + Extensions.swift in Sources */ = {isa = PBXBuildFile; fileRef = D3DE2F1427F05EF6005C6C2E /* NSManagedObject + Extensions.swift */; };
		D3DE2F1727F0704F005C6C2E /* ManagedCharacter.swift in Sources */ = {isa = PBXBuildFile; fileRef = D32F595027EF75CD004C5ADF /* ManagedCharacter.swift */; };
		D3DE2F1827F07144005C6C2E /* ManagedCharacter.swift in Sources */ = {isa = PBXBuildFile; fileRef = D32F595027EF75CD004C5ADF /* ManagedCharacter.swift */; };
		D3DE2F2027F08586005C6C2E /* Kingfisher in Frameworks */ = {isa = PBXBuildFile; productRef = D3DE2F1F27F08586005C6C2E /* Kingfisher */; };
		D3DE2F2327F08906005C6C2E /* CharacterCell.swift in Sources */ = {isa = PBXBuildFile; fileRef = D3DE2F2127F08906005C6C2E /* CharacterCell.swift */; };
		D3DE2F2427F08906005C6C2E /* CharacterCell.xib in Resources */ = {isa = PBXBuildFile; fileRef = D3DE2F2227F08906005C6C2E /* CharacterCell.xib */; };
		D3DE2F2E27F0B796005C6C2E /* CharacterCell.swift in Sources */ = {isa = PBXBuildFile; fileRef = D3DE2F2127F08906005C6C2E /* CharacterCell.swift */; };
/* End PBXBuildFile section */

/* Begin PBXContainerItemProxy section */
		D3C0371327ECE6D200B8D2A1 /* PBXContainerItemProxy */ = {
			isa = PBXContainerItemProxy;
			containerPortal = D3C036F127ECE6D100B8D2A1 /* Project object */;
			proxyType = 1;
			remoteGlobalIDString = D3C036F827ECE6D100B8D2A1;
			remoteInfo = BreakingBadCharacters;
		};
/* End PBXContainerItemProxy section */

/* Begin PBXFileReference section */
		D32F593F27EF2DAE004C5ADF /* XCTestCase+Extentions.swift */ = {isa = PBXFileReference; lastKnownFileType = sourcecode.swift; path = "XCTestCase+Extentions.swift"; sourceTree = "<group>"; };
		D32F594227EF2DCF004C5ADF /* SharedHelpers.swift */ = {isa = PBXFileReference; lastKnownFileType = sourcecode.swift; path = SharedHelpers.swift; sourceTree = "<group>"; };
		D32F594427EF63BF004C5ADF /* URLSessionTests.swift */ = {isa = PBXFileReference; lastKnownFileType = sourcecode.swift; path = URLSessionTests.swift; sourceTree = "<group>"; };
		D32F594A27EF72A9004C5ADF /* URLProtocolStub.swift */ = {isa = PBXFileReference; lastKnownFileType = sourcecode.swift; path = URLProtocolStub.swift; sourceTree = "<group>"; };
		D32F594D27EF747B004C5ADF /* Database.xcdatamodel */ = {isa = PBXFileReference; lastKnownFileType = wrapper.xcdatamodel; path = Database.xcdatamodel; sourceTree = "<group>"; };
		D32F595027EF75CD004C5ADF /* ManagedCharacter.swift */ = {isa = PBXFileReference; lastKnownFileType = sourcecode.swift; path = ManagedCharacter.swift; sourceTree = "<group>"; };
		D32F595227EF799E004C5ADF /* CoreDataTests.swift */ = {isa = PBXFileReference; lastKnownFileType = sourcecode.swift; path = CoreDataTests.swift; sourceTree = "<group>"; };
		D3787F1127EE140600C600F5 /* SessionAPITests.swift */ = {isa = PBXFileReference; lastKnownFileType = sourcecode.swift; path = SessionAPITests.swift; sourceTree = "<group>"; };
		D3C036F927ECE6D100B8D2A1 /* BreakingBadCharacters.app */ = {isa = PBXFileReference; explicitFileType = wrapper.application; includeInIndex = 0; path = BreakingBadCharacters.app; sourceTree = BUILT_PRODUCTS_DIR; };
		D3C036FC27ECE6D100B8D2A1 /* AppDelegate.swift */ = {isa = PBXFileReference; lastKnownFileType = sourcecode.swift; path = AppDelegate.swift; sourceTree = "<group>"; };
		D3C036FE27ECE6D100B8D2A1 /* SceneDelegate.swift */ = {isa = PBXFileReference; lastKnownFileType = sourcecode.swift; path = SceneDelegate.swift; sourceTree = "<group>"; };
		D3C0370827ECE6D200B8D2A1 /* Assets.xcassets */ = {isa = PBXFileReference; lastKnownFileType = folder.assetcatalog; path = Assets.xcassets; sourceTree = "<group>"; };
		D3C0370B27ECE6D200B8D2A1 /* Base */ = {isa = PBXFileReference; lastKnownFileType = file.storyboard; name = Base; path = Base.lproj/LaunchScreen.storyboard; sourceTree = "<group>"; };
		D3C0370D27ECE6D200B8D2A1 /* Info.plist */ = {isa = PBXFileReference; lastKnownFileType = text.plist.xml; path = Info.plist; sourceTree = "<group>"; };
		D3C0371227ECE6D200B8D2A1 /* BreakingBadCharactersTests.xctest */ = {isa = PBXFileReference; explicitFileType = wrapper.cfbundle; includeInIndex = 0; path = BreakingBadCharactersTests.xctest; sourceTree = BUILT_PRODUCTS_DIR; };
		D3C0373127ECEADD00B8D2A1 /* Coordinator.swift */ = {isa = PBXFileReference; lastKnownFileType = sourcecode.swift; path = Coordinator.swift; sourceTree = "<group>"; };
		D3C0373827ECEDD400B8D2A1 /* es */ = {isa = PBXFileReference; lastKnownFileType = text.plist.strings; name = es; path = es.lproj/LaunchScreen.strings; sourceTree = "<group>"; };
		D3C0373C27ECEE2C00B8D2A1 /* en */ = {isa = PBXFileReference; lastKnownFileType = text.plist.strings; name = en; path = en.lproj/Localizable.strings; sourceTree = "<group>"; };
		D3C0373E27ECEE2E00B8D2A1 /* es */ = {isa = PBXFileReference; lastKnownFileType = text.plist.strings; name = es; path = es.lproj/Localizable.strings; sourceTree = "<group>"; };
		D3C0373F27ECEE5E00B8D2A1 /* AppCoordinator.swift */ = {isa = PBXFileReference; lastKnownFileType = sourcecode.swift; path = AppCoordinator.swift; sourceTree = "<group>"; };
		D3C0374227ECF05A00B8D2A1 /* CharactersViewController.swift */ = {isa = PBXFileReference; lastKnownFileType = sourcecode.swift; path = CharactersViewController.swift; sourceTree = "<group>"; };
		D3C0374327ECF05A00B8D2A1 /* CharactersViewController.xib */ = {isa = PBXFileReference; lastKnownFileType = file.xib; path = CharactersViewController.xib; sourceTree = "<group>"; };
		D3C0374627ECF09400B8D2A1 /* CharactersCoordinator.swift */ = {isa = PBXFileReference; lastKnownFileType = sourcecode.swift; path = CharactersCoordinator.swift; sourceTree = "<group>"; };
		D3C0374927ECF47800B8D2A1 /* UIColor+Extensions.swift */ = {isa = PBXFileReference; lastKnownFileType = sourcecode.swift; path = "UIColor+Extensions.swift"; sourceTree = "<group>"; };
		D3C0374F27ECF7EA00B8D2A1 /* DataManager.swift */ = {isa = PBXFileReference; lastKnownFileType = sourcecode.swift; path = DataManager.swift; sourceTree = "<group>"; };
		D3C0375127ECF82C00B8D2A1 /* RemoteDataManager.swift */ = {isa = PBXFileReference; lastKnownFileType = sourcecode.swift; path = RemoteDataManager.swift; sourceTree = "<group>"; };
		D3C0375427ECF88200B8D2A1 /* URLSessionImp.swift */ = {isa = PBXFileReference; lastKnownFileType = sourcecode.swift; path = URLSessionImp.swift; sourceTree = "<group>"; };
		D3C0375627ECF8BB00B8D2A1 /* APIRequest.swift */ = {isa = PBXFileReference; lastKnownFileType = sourcecode.swift; path = APIRequest.swift; sourceTree = "<group>"; };
		D3C0375827ECF91E00B8D2A1 /* SessionAPI.swift */ = {isa = PBXFileReference; lastKnownFileType = sourcecode.swift; path = SessionAPI.swift; sourceTree = "<group>"; };
		D3C0375A27ECF9ED00B8D2A1 /* LocalDataManager.swift */ = {isa = PBXFileReference; lastKnownFileType = sourcecode.swift; path = LocalDataManager.swift; sourceTree = "<group>"; };
		D3C0375D27ECFA0500B8D2A1 /* CoreDataImp.swift */ = {isa = PBXFileReference; lastKnownFileType = sourcecode.swift; path = CoreDataImp.swift; sourceTree = "<group>"; };
		D3C0375F27ECFBB500B8D2A1 /* CharactersDataManager.swift */ = {isa = PBXFileReference; lastKnownFileType = sourcecode.swift; path = CharactersDataManager.swift; sourceTree = "<group>"; };
		D3C0376127ECFC8D00B8D2A1 /* CharactersViewModel.swift */ = {isa = PBXFileReference; lastKnownFileType = sourcecode.swift; path = CharactersViewModel.swift; sourceTree = "<group>"; };
		D3C0376827ED01D400B8D2A1 /* AllCharactersRequest.swift */ = {isa = PBXFileReference; lastKnownFileType = sourcecode.swift; path = AllCharactersRequest.swift; sourceTree = "<group>"; };
		D3C0376A27ED01F200B8D2A1 /* Character.swift */ = {isa = PBXFileReference; lastKnownFileType = sourcecode.swift; path = Character.swift; sourceTree = "<group>"; };
		D3DE2F1427F05EF6005C6C2E /* NSManagedObject + Extensions.swift */ = {isa = PBXFileReference; lastKnownFileType = sourcecode.swift; path = "NSManagedObject + Extensions.swift"; sourceTree = "<group>"; };
		D3DE2F2127F08906005C6C2E /* CharacterCell.swift */ = {isa = PBXFileReference; lastKnownFileType = sourcecode.swift; path = CharacterCell.swift; sourceTree = "<group>"; };
		D3DE2F2227F08906005C6C2E /* CharacterCell.xib */ = {isa = PBXFileReference; lastKnownFileType = file.xib; path = CharacterCell.xib; sourceTree = "<group>"; };
/* End PBXFileReference section */

/* Begin PBXFrameworksBuildPhase section */
		D3C036F627ECE6D100B8D2A1 /* Frameworks */ = {
			isa = PBXFrameworksBuildPhase;
			buildActionMask = 2147483647;
			files = (
				D3DE2F2027F08586005C6C2E /* Kingfisher in Frameworks */,
			);
			runOnlyForDeploymentPostprocessing = 0;
		};
		D3C0370F27ECE6D200B8D2A1 /* Frameworks */ = {
			isa = PBXFrameworksBuildPhase;
			buildActionMask = 2147483647;
			files = (
			);
			runOnlyForDeploymentPostprocessing = 0;
		};
/* End PBXFrameworksBuildPhase section */

/* Begin PBXGroup section */
		D32F593E27EF2D8F004C5ADF /* Shared */ = {
			isa = PBXGroup;
			children = (
				D32F593F27EF2DAE004C5ADF /* XCTestCase+Extentions.swift */,
				D32F594227EF2DCF004C5ADF /* SharedHelpers.swift */,
				D32F594A27EF72A9004C5ADF /* URLProtocolStub.swift */,
				D3DE2F1427F05EF6005C6C2E /* NSManagedObject + Extensions.swift */,
			);
			path = Shared;
			sourceTree = "<group>";
		};
		D32F594F27EF75B1004C5ADF /* CoreData */ = {
			isa = PBXGroup;
			children = (
				D32F595027EF75CD004C5ADF /* ManagedCharacter.swift */,
			);
			path = CoreData;
			sourceTree = "<group>";
		};
		D3C036F027ECE6D100B8D2A1 = {
			isa = PBXGroup;
			children = (
				D3C036FB27ECE6D100B8D2A1 /* BreakingBadCharacters */,
				D3C0371527ECE6D200B8D2A1 /* BreakingBadCharactersTests */,
				D3C036FA27ECE6D100B8D2A1 /* Products */,
			);
			sourceTree = "<group>";
		};
		D3C036FA27ECE6D100B8D2A1 /* Products */ = {
			isa = PBXGroup;
			children = (
				D3C036F927ECE6D100B8D2A1 /* BreakingBadCharacters.app */,
				D3C0371227ECE6D200B8D2A1 /* BreakingBadCharactersTests.xctest */,
			);
			name = Products;
			sourceTree = "<group>";
		};
		D3C036FB27ECE6D100B8D2A1 /* BreakingBadCharacters */ = {
			isa = PBXGroup;
			children = (
				D3C036FC27ECE6D100B8D2A1 /* AppDelegate.swift */,
				D3C036FE27ECE6D100B8D2A1 /* SceneDelegate.swift */,
				D3C0376327ED018D00B8D2A1 /* Models */,
				D3C0372F27ECE77A00B8D2A1 /* Resources */,
				D3C0374827ECF45B00B8D2A1 /* Extensions */,
				D3C0373027ECEAC400B8D2A1 /* Coordinator */,
				D3C0374C27ECF7A800B8D2A1 /* DataManager */,
				D3C0374127ECF01700B8D2A1 /* Characters */,
			);
			path = BreakingBadCharacters;
			sourceTree = "<group>";
		};
		D3C0371527ECE6D200B8D2A1 /* BreakingBadCharactersTests */ = {
			isa = PBXGroup;
			children = (
				D32F593E27EF2D8F004C5ADF /* Shared */,
				D3787F1127EE140600C600F5 /* SessionAPITests.swift */,
				D32F594427EF63BF004C5ADF /* URLSessionTests.swift */,
				D32F595227EF799E004C5ADF /* CoreDataTests.swift */,
			);
			path = BreakingBadCharactersTests;
			sourceTree = "<group>";
		};
		D3C0372F27ECE77A00B8D2A1 /* Resources */ = {
			isa = PBXGroup;
			children = (
				D3C0370D27ECE6D200B8D2A1 /* Info.plist */,
				D3C0370827ECE6D200B8D2A1 /* Assets.xcassets */,
				D3C0370A27ECE6D200B8D2A1 /* LaunchScreen.storyboard */,
				D3C0373D27ECEE2C00B8D2A1 /* Localizable.strings */,
			);
			path = Resources;
			sourceTree = "<group>";
		};
		D3C0373027ECEAC400B8D2A1 /* Coordinator */ = {
			isa = PBXGroup;
			children = (
				D3C0373127ECEADD00B8D2A1 /* Coordinator.swift */,
				D3C0373F27ECEE5E00B8D2A1 /* AppCoordinator.swift */,
				D3C0374627ECF09400B8D2A1 /* CharactersCoordinator.swift */,
			);
			path = Coordinator;
			sourceTree = "<group>";
		};
		D3C0374127ECF01700B8D2A1 /* Characters */ = {
			isa = PBXGroup;
			children = (
				D3DE2F1927F07AF7005C6C2E /* Cells */,
				D3C0375F27ECFBB500B8D2A1 /* CharactersDataManager.swift */,
				D3C0376127ECFC8D00B8D2A1 /* CharactersViewModel.swift */,
				D3C0374227ECF05A00B8D2A1 /* CharactersViewController.swift */,
				D3C0374327ECF05A00B8D2A1 /* CharactersViewController.xib */,
			);
			path = Characters;
			sourceTree = "<group>";
		};
		D3C0374827ECF45B00B8D2A1 /* Extensions */ = {
			isa = PBXGroup;
			children = (
				D3C0374927ECF47800B8D2A1 /* UIColor+Extensions.swift */,
			);
			path = Extensions;
			sourceTree = "<group>";
		};
		D3C0374C27ECF7A800B8D2A1 /* DataManager */ = {
			isa = PBXGroup;
			children = (
				D3C0374E27ECF7D300B8D2A1 /* Local */,
				D3C0374D27ECF7C600B8D2A1 /* Remote */,
				D3C0374F27ECF7EA00B8D2A1 /* DataManager.swift */,
			);
			path = DataManager;
			sourceTree = "<group>";
		};
		D3C0374D27ECF7C600B8D2A1 /* Remote */ = {
			isa = PBXGroup;
			children = (
				D3C0375127ECF82C00B8D2A1 /* RemoteDataManager.swift */,
				D3C0375327ECF85400B8D2A1 /* URLSession */,
			);
			path = Remote;
			sourceTree = "<group>";
		};
		D3C0374E27ECF7D300B8D2A1 /* Local */ = {
			isa = PBXGroup;
			children = (
				D3C0375A27ECF9ED00B8D2A1 /* LocalDataManager.swift */,
				D3C0375C27ECF9F100B8D2A1 /* CoreData */,
			);
			path = Local;
			sourceTree = "<group>";
		};
		D3C0375327ECF85400B8D2A1 /* URLSession */ = {
			isa = PBXGroup;
			children = (
				D3C0375427ECF88200B8D2A1 /* URLSessionImp.swift */,
				D3C0375627ECF8BB00B8D2A1 /* APIRequest.swift */,
				D3C0375827ECF91E00B8D2A1 /* SessionAPI.swift */,
			);
			path = URLSession;
			sourceTree = "<group>";
		};
		D3C0375C27ECF9F100B8D2A1 /* CoreData */ = {
			isa = PBXGroup;
			children = (
				D3C0375D27ECFA0500B8D2A1 /* CoreDataImp.swift */,
				D32F594C27EF747B004C5ADF /* Database.xcdatamodeld */,
			);
			path = CoreData;
			sourceTree = "<group>";
		};
		D3C0376327ED018D00B8D2A1 /* Models */ = {
			isa = PBXGroup;
			children = (
				D32F594F27EF75B1004C5ADF /* CoreData */,
				D3C0376527ED01AA00B8D2A1 /* Responses */,
				D3C0376427ED01A400B8D2A1 /* Requests */,
			);
			path = Models;
			sourceTree = "<group>";
		};
		D3C0376427ED01A400B8D2A1 /* Requests */ = {
			isa = PBXGroup;
			children = (
				D3C0376627ED01B100B8D2A1 /* Characters */,
			);
			path = Requests;
			sourceTree = "<group>";
		};
		D3C0376527ED01AA00B8D2A1 /* Responses */ = {
			isa = PBXGroup;
			children = (
				D3C0376727ED01BB00B8D2A1 /* Character */,
			);
			path = Responses;
			sourceTree = "<group>";
		};
		D3C0376627ED01B100B8D2A1 /* Characters */ = {
			isa = PBXGroup;
			children = (
				D3C0376827ED01D400B8D2A1 /* AllCharactersRequest.swift */,
			);
			path = Characters;
			sourceTree = "<group>";
		};
		D3C0376727ED01BB00B8D2A1 /* Character */ = {
			isa = PBXGroup;
			children = (
				D3C0376A27ED01F200B8D2A1 /* Character.swift */,
			);
			path = Character;
			sourceTree = "<group>";
		};
		D3DE2F1927F07AF7005C6C2E /* Cells */ = {
			isa = PBXGroup;
			children = (
				D3DE2F2127F08906005C6C2E /* CharacterCell.swift */,
				D3DE2F2227F08906005C6C2E /* CharacterCell.xib */,
			);
			path = Cells;
			sourceTree = "<group>";
		};
/* End PBXGroup section */

/* Begin PBXNativeTarget section */
		D3C036F827ECE6D100B8D2A1 /* BreakingBadCharacters */ = {
			isa = PBXNativeTarget;
			buildConfigurationList = D3C0372627ECE6D200B8D2A1 /* Build configuration list for PBXNativeTarget "BreakingBadCharacters" */;
			buildPhases = (
				D3C036F527ECE6D100B8D2A1 /* Sources */,
				D3C036F627ECE6D100B8D2A1 /* Frameworks */,
				D3C036F727ECE6D100B8D2A1 /* Resources */,
			);
			buildRules = (
			);
			dependencies = (
			);
			name = BreakingBadCharacters;
			packageProductDependencies = (
				D3DE2F1F27F08586005C6C2E /* Kingfisher */,
			);
			productName = BreakingBadCharacters;
			productReference = D3C036F927ECE6D100B8D2A1 /* BreakingBadCharacters.app */;
			productType = "com.apple.product-type.application";
		};
		D3C0371127ECE6D200B8D2A1 /* BreakingBadCharactersTests */ = {
			isa = PBXNativeTarget;
			buildConfigurationList = D3C0372927ECE6D200B8D2A1 /* Build configuration list for PBXNativeTarget "BreakingBadCharactersTests" */;
			buildPhases = (
				D3C0370E27ECE6D200B8D2A1 /* Sources */,
				D3C0370F27ECE6D200B8D2A1 /* Frameworks */,
				D3C0371027ECE6D200B8D2A1 /* Resources */,
			);
			buildRules = (
			);
			dependencies = (
				D3C0371427ECE6D200B8D2A1 /* PBXTargetDependency */,
			);
			name = BreakingBadCharactersTests;
			productName = BreakingBadCharactersTests;
			productReference = D3C0371227ECE6D200B8D2A1 /* BreakingBadCharactersTests.xctest */;
			productType = "com.apple.product-type.bundle.unit-test";
		};
/* End PBXNativeTarget section */

/* Begin PBXProject section */
		D3C036F127ECE6D100B8D2A1 /* Project object */ = {
			isa = PBXProject;
			attributes = {
				BuildIndependentTargetsInParallel = 1;
				LastSwiftUpdateCheck = 1320;
				LastUpgradeCheck = 1320;
				TargetAttributes = {
					D3C036F827ECE6D100B8D2A1 = {
						CreatedOnToolsVersion = 13.2.1;
					};
					D3C0371127ECE6D200B8D2A1 = {
						CreatedOnToolsVersion = 13.2.1;
						TestTargetID = D3C036F827ECE6D100B8D2A1;
					};
				};
			};
			buildConfigurationList = D3C036F427ECE6D100B8D2A1 /* Build configuration list for PBXProject "BreakingBadCharacters" */;
			compatibilityVersion = "Xcode 13.0";
			developmentRegion = en;
			hasScannedForEncodings = 0;
			knownRegions = (
				en,
				Base,
				es,
			);
			mainGroup = D3C036F027ECE6D100B8D2A1;
			packageReferences = (
				D3DE2F1E27F08586005C6C2E /* XCRemoteSwiftPackageReference "Kingfisher" */,
			);
			productRefGroup = D3C036FA27ECE6D100B8D2A1 /* Products */;
			projectDirPath = "";
			projectRoot = "";
			targets = (
				D3C036F827ECE6D100B8D2A1 /* BreakingBadCharacters */,
				D3C0371127ECE6D200B8D2A1 /* BreakingBadCharactersTests */,
			);
		};
/* End PBXProject section */

/* Begin PBXResourcesBuildPhase section */
		D3C036F727ECE6D100B8D2A1 /* Resources */ = {
			isa = PBXResourcesBuildPhase;
			buildActionMask = 2147483647;
			files = (
				D3C0374527ECF05A00B8D2A1 /* CharactersViewController.xib in Resources */,
				D3C0370C27ECE6D200B8D2A1 /* LaunchScreen.storyboard in Resources */,
				D3C0373B27ECEE2C00B8D2A1 /* Localizable.strings in Resources */,
				D3C0370927ECE6D200B8D2A1 /* Assets.xcassets in Resources */,
			);
			runOnlyForDeploymentPostprocessing = 0;
		};
		D3C0371027ECE6D200B8D2A1 /* Resources */ = {
			isa = PBXResourcesBuildPhase;
			buildActionMask = 2147483647;
			files = (
			);
			runOnlyForDeploymentPostprocessing = 0;
		};
/* End PBXResourcesBuildPhase section */

/* Begin PBXSourcesBuildPhase section */
		D3C036F527ECE6D100B8D2A1 /* Sources */ = {
			isa = PBXSourcesBuildPhase;
			buildActionMask = 2147483647;
			files = (
				D3C0376227ECFC8D00B8D2A1 /* CharactersViewModel.swift in Sources */,
				D3C0374727ECF09400B8D2A1 /* CharactersCoordinator.swift in Sources */,
				D3C0375E27ECFA0500B8D2A1 /* CoreDataImp.swift in Sources */,
				D3DE2F2327F08906005C6C2E /* CharacterCell.swift in Sources */,
				D3C0375927ECF91E00B8D2A1 /* SessionAPI.swift in Sources */,
				D3C0375027ECF7EA00B8D2A1 /* DataManager.swift in Sources */,
				D32F594E27EF747B004C5ADF /* Database.xcdatamodeld in Sources */,
				D3C0374027ECEE5E00B8D2A1 /* AppCoordinator.swift in Sources */,
				D3DE2F1727F0704F005C6C2E /* ManagedCharacter.swift in Sources */,
				D3C036FD27ECE6D100B8D2A1 /* AppDelegate.swift in Sources */,
				D3C0375B27ECF9ED00B8D2A1 /* LocalDataManager.swift in Sources */,
				D3C036FF27ECE6D100B8D2A1 /* SceneDelegate.swift in Sources */,
				D3C0376B27ED01F200B8D2A1 /* Character.swift in Sources */,
				D3C0374A27ECF47800B8D2A1 /* UIColor+Extensions.swift in Sources */,
				D3C0375227ECF82C00B8D2A1 /* RemoteDataManager.swift in Sources */,
				D3C0375727ECF8BB00B8D2A1 /* APIRequest.swift in Sources */,
				D3C0376927ED01D400B8D2A1 /* AllCharactersRequest.swift in Sources */,
				D3C0375527ECF88200B8D2A1 /* URLSessionImp.swift in Sources */,
				D3C0376027ECFBB500B8D2A1 /* CharactersDataManager.swift in Sources */,
				D3C0374427ECF05A00B8D2A1 /* CharactersViewController.swift in Sources */,
				D3C0373227ECEADD00B8D2A1 /* Coordinator.swift in Sources */,
			);
			runOnlyForDeploymentPostprocessing = 0;
		};
		D3C0370E27ECE6D200B8D2A1 /* Sources */ = {
			isa = PBXSourcesBuildPhase;
			buildActionMask = 2147483647;
			files = (
				D32F594327EF2DCF004C5ADF /* SharedHelpers.swift in Sources */,
				D3DE2F1827F07144005C6C2E /* ManagedCharacter.swift in Sources */,
				D3787F1227EE140600C600F5 /* SessionAPITests.swift in Sources */,
				D3DE2F2E27F0B796005C6C2E /* CharacterCell.swift in Sources */,
				D32F594527EF63BF004C5ADF /* URLSessionTests.swift in Sources */,
				D32F594B27EF72A9004C5ADF /* URLProtocolStub.swift in Sources */,
				D32F594927EF711D004C5ADF /* AllCharactersRequest.swift in Sources */,
				D3DE2F1527F05EF6005C6C2E /* NSManagedObject + Extensions.swift in Sources */,
				D32F594627EF672F004C5ADF /* URLSessionImp.swift in Sources */,
				D32F594027EF2DAE004C5ADF /* XCTestCase+Extentions.swift in Sources */,
				D3787F1327EE169800C600F5 /* SessionAPI.swift in Sources */,
				D32F595627EFA87B004C5ADF /* LocalDataManager.swift in Sources */,
				D32F595327EF799E004C5ADF /* CoreDataTests.swift in Sources */,
				D32F594827EF711A004C5ADF /* RemoteDataManager.swift in Sources */,
				D3787F1427EE169C00C600F5 /* APIRequest.swift in Sources */,
				D32F595527EF7A2A004C5ADF /* CoreDataImp.swift in Sources */,
				D32F595427EF7A27004C5ADF /* Database.xcdatamodeld in Sources */,
				D32F594727EF6FEA004C5ADF /* Character.swift in Sources */,
			);
			runOnlyForDeploymentPostprocessing = 0;
		};
/* End PBXSourcesBuildPhase section */

/* Begin PBXTargetDependency section */
		D3C0371427ECE6D200B8D2A1 /* PBXTargetDependency */ = {
			isa = PBXTargetDependency;
			target = D3C036F827ECE6D100B8D2A1 /* BreakingBadCharacters */;
			targetProxy = D3C0371327ECE6D200B8D2A1 /* PBXContainerItemProxy */;
		};
/* End PBXTargetDependency section */

/* Begin PBXVariantGroup section */
		D3C0370A27ECE6D200B8D2A1 /* LaunchScreen.storyboard */ = {
			isa = PBXVariantGroup;
			children = (
				D3C0370B27ECE6D200B8D2A1 /* Base */,
				D3C0373827ECEDD400B8D2A1 /* es */,
			);
			name = LaunchScreen.storyboard;
			sourceTree = "<group>";
		};
		D3C0373D27ECEE2C00B8D2A1 /* Localizable.strings */ = {
			isa = PBXVariantGroup;
			children = (
				D3C0373C27ECEE2C00B8D2A1 /* en */,
				D3C0373E27ECEE2E00B8D2A1 /* es */,
			);
			name = Localizable.strings;
			sourceTree = "<group>";
		};
/* End PBXVariantGroup section */

/* Begin XCBuildConfiguration section */
		D3C0372427ECE6D200B8D2A1 /* Debug */ = {
			isa = XCBuildConfiguration;
			buildSettings = {
				ALWAYS_SEARCH_USER_PATHS = NO;
				CLANG_ANALYZER_LOCALIZABILITY_NONLOCALIZED = YES;
				CLANG_ANALYZER_NONNULL = YES;
				CLANG_ANALYZER_NUMBER_OBJECT_CONVERSION = YES_AGGRESSIVE;
				CLANG_CXX_LANGUAGE_STANDARD = "gnu++17";
				CLANG_CXX_LIBRARY = "libc++";
				CLANG_ENABLE_MODULES = YES;
				CLANG_ENABLE_OBJC_ARC = YES;
				CLANG_ENABLE_OBJC_WEAK = YES;
				CLANG_WARN_BLOCK_CAPTURE_AUTORELEASING = YES;
				CLANG_WARN_BOOL_CONVERSION = YES;
				CLANG_WARN_COMMA = YES;
				CLANG_WARN_CONSTANT_CONVERSION = YES;
				CLANG_WARN_DEPRECATED_OBJC_IMPLEMENTATIONS = YES;
				CLANG_WARN_DIRECT_OBJC_ISA_USAGE = YES_ERROR;
				CLANG_WARN_DOCUMENTATION_COMMENTS = YES;
				CLANG_WARN_EMPTY_BODY = YES;
				CLANG_WARN_ENUM_CONVERSION = YES;
				CLANG_WARN_INFINITE_RECURSION = YES;
				CLANG_WARN_INT_CONVERSION = YES;
				CLANG_WARN_NON_LITERAL_NULL_CONVERSION = YES;
				CLANG_WARN_OBJC_IMPLICIT_RETAIN_SELF = YES;
				CLANG_WARN_OBJC_LITERAL_CONVERSION = YES;
				CLANG_WARN_OBJC_ROOT_CLASS = YES_ERROR;
				CLANG_WARN_QUOTED_INCLUDE_IN_FRAMEWORK_HEADER = YES;
				CLANG_WARN_RANGE_LOOP_ANALYSIS = YES;
				CLANG_WARN_STRICT_PROTOTYPES = YES;
				CLANG_WARN_SUSPICIOUS_MOVE = YES;
				CLANG_WARN_UNGUARDED_AVAILABILITY = YES_AGGRESSIVE;
				CLANG_WARN_UNREACHABLE_CODE = YES;
				CLANG_WARN__DUPLICATE_METHOD_MATCH = YES;
				COPY_PHASE_STRIP = NO;
				DEBUG_INFORMATION_FORMAT = dwarf;
				ENABLE_STRICT_OBJC_MSGSEND = YES;
				ENABLE_TESTABILITY = YES;
				GCC_C_LANGUAGE_STANDARD = gnu11;
				GCC_DYNAMIC_NO_PIC = NO;
				GCC_NO_COMMON_BLOCKS = YES;
				GCC_OPTIMIZATION_LEVEL = 0;
				GCC_PREPROCESSOR_DEFINITIONS = (
					"DEBUG=1",
					"$(inherited)",
				);
				GCC_WARN_64_TO_32_BIT_CONVERSION = YES;
				GCC_WARN_ABOUT_RETURN_TYPE = YES_ERROR;
				GCC_WARN_UNDECLARED_SELECTOR = YES;
				GCC_WARN_UNINITIALIZED_AUTOS = YES_AGGRESSIVE;
				GCC_WARN_UNUSED_FUNCTION = YES;
				GCC_WARN_UNUSED_VARIABLE = YES;
				IPHONEOS_DEPLOYMENT_TARGET = 15.2;
				MTL_ENABLE_DEBUG_INFO = INCLUDE_SOURCE;
				MTL_FAST_MATH = YES;
				ONLY_ACTIVE_ARCH = YES;
				SDKROOT = iphoneos;
				SWIFT_ACTIVE_COMPILATION_CONDITIONS = DEBUG;
				SWIFT_OPTIMIZATION_LEVEL = "-Onone";
			};
			name = Debug;
		};
		D3C0372527ECE6D200B8D2A1 /* Release */ = {
			isa = XCBuildConfiguration;
			buildSettings = {
				ALWAYS_SEARCH_USER_PATHS = NO;
				CLANG_ANALYZER_LOCALIZABILITY_NONLOCALIZED = YES;
				CLANG_ANALYZER_NONNULL = YES;
				CLANG_ANALYZER_NUMBER_OBJECT_CONVERSION = YES_AGGRESSIVE;
				CLANG_CXX_LANGUAGE_STANDARD = "gnu++17";
				CLANG_CXX_LIBRARY = "libc++";
				CLANG_ENABLE_MODULES = YES;
				CLANG_ENABLE_OBJC_ARC = YES;
				CLANG_ENABLE_OBJC_WEAK = YES;
				CLANG_WARN_BLOCK_CAPTURE_AUTORELEASING = YES;
				CLANG_WARN_BOOL_CONVERSION = YES;
				CLANG_WARN_COMMA = YES;
				CLANG_WARN_CONSTANT_CONVERSION = YES;
				CLANG_WARN_DEPRECATED_OBJC_IMPLEMENTATIONS = YES;
				CLANG_WARN_DIRECT_OBJC_ISA_USAGE = YES_ERROR;
				CLANG_WARN_DOCUMENTATION_COMMENTS = YES;
				CLANG_WARN_EMPTY_BODY = YES;
				CLANG_WARN_ENUM_CONVERSION = YES;
				CLANG_WARN_INFINITE_RECURSION = YES;
				CLANG_WARN_INT_CONVERSION = YES;
				CLANG_WARN_NON_LITERAL_NULL_CONVERSION = YES;
				CLANG_WARN_OBJC_IMPLICIT_RETAIN_SELF = YES;
				CLANG_WARN_OBJC_LITERAL_CONVERSION = YES;
				CLANG_WARN_OBJC_ROOT_CLASS = YES_ERROR;
				CLANG_WARN_QUOTED_INCLUDE_IN_FRAMEWORK_HEADER = YES;
				CLANG_WARN_RANGE_LOOP_ANALYSIS = YES;
				CLANG_WARN_STRICT_PROTOTYPES = YES;
				CLANG_WARN_SUSPICIOUS_MOVE = YES;
				CLANG_WARN_UNGUARDED_AVAILABILITY = YES_AGGRESSIVE;
				CLANG_WARN_UNREACHABLE_CODE = YES;
				CLANG_WARN__DUPLICATE_METHOD_MATCH = YES;
				COPY_PHASE_STRIP = NO;
				DEBUG_INFORMATION_FORMAT = "dwarf-with-dsym";
				ENABLE_NS_ASSERTIONS = NO;
				ENABLE_STRICT_OBJC_MSGSEND = YES;
				GCC_C_LANGUAGE_STANDARD = gnu11;
				GCC_NO_COMMON_BLOCKS = YES;
				GCC_WARN_64_TO_32_BIT_CONVERSION = YES;
				GCC_WARN_ABOUT_RETURN_TYPE = YES_ERROR;
				GCC_WARN_UNDECLARED_SELECTOR = YES;
				GCC_WARN_UNINITIALIZED_AUTOS = YES_AGGRESSIVE;
				GCC_WARN_UNUSED_FUNCTION = YES;
				GCC_WARN_UNUSED_VARIABLE = YES;
				IPHONEOS_DEPLOYMENT_TARGET = 15.2;
				MTL_ENABLE_DEBUG_INFO = NO;
				MTL_FAST_MATH = YES;
				SDKROOT = iphoneos;
				SWIFT_COMPILATION_MODE = wholemodule;
				SWIFT_OPTIMIZATION_LEVEL = "-O";
				VALIDATE_PRODUCT = YES;
			};
			name = Release;
		};
		D3C0372727ECE6D200B8D2A1 /* Debug */ = {
			isa = XCBuildConfiguration;
			buildSettings = {
				ASSETCATALOG_COMPILER_APPICON_NAME = AppIcon;
				ASSETCATALOG_COMPILER_GLOBAL_ACCENT_COLOR_NAME = AccentColor;
				CODE_SIGN_STYLE = Automatic;
				CURRENT_PROJECT_VERSION = 1;
				DEVELOPMENT_TEAM = MG6VSP46ZM;
				GENERATE_INFOPLIST_FILE = YES;
				INFOPLIST_FILE = BreakingBadCharacters/Resources/Info.plist;
				INFOPLIST_KEY_UIApplicationSupportsIndirectInputEvents = YES;
				INFOPLIST_KEY_UILaunchStoryboardName = LaunchScreen;
				INFOPLIST_KEY_UISupportedInterfaceOrientations_iPad = "UIInterfaceOrientationPortrait UIInterfaceOrientationPortraitUpsideDown UIInterfaceOrientationLandscapeLeft UIInterfaceOrientationLandscapeRight";
				INFOPLIST_KEY_UISupportedInterfaceOrientations_iPhone = "UIInterfaceOrientationPortrait UIInterfaceOrientationLandscapeLeft UIInterfaceOrientationLandscapeRight";
				IPHONEOS_DEPLOYMENT_TARGET = 14.0;
				LD_RUNPATH_SEARCH_PATHS = (
					"$(inherited)",
					"@executable_path/Frameworks",
				);
				MARKETING_VERSION = 1.0;
				PRODUCT_BUNDLE_IDENTIFIER = com.alberto.BreakingBadCharacters;
				PRODUCT_NAME = "$(TARGET_NAME)";
				SWIFT_EMIT_LOC_STRINGS = YES;
				SWIFT_VERSION = 5.0;
				TARGETED_DEVICE_FAMILY = 1;
			};
			name = Debug;
		};
		D3C0372827ECE6D200B8D2A1 /* Release */ = {
			isa = XCBuildConfiguration;
			buildSettings = {
				ASSETCATALOG_COMPILER_APPICON_NAME = AppIcon;
				ASSETCATALOG_COMPILER_GLOBAL_ACCENT_COLOR_NAME = AccentColor;
				CODE_SIGN_STYLE = Automatic;
				CURRENT_PROJECT_VERSION = 1;
				DEVELOPMENT_TEAM = MG6VSP46ZM;
				GENERATE_INFOPLIST_FILE = YES;
				INFOPLIST_FILE = BreakingBadCharacters/Resources/Info.plist;
				INFOPLIST_KEY_UIApplicationSupportsIndirectInputEvents = YES;
				INFOPLIST_KEY_UILaunchStoryboardName = LaunchScreen;
				INFOPLIST_KEY_UISupportedInterfaceOrientations_iPad = "UIInterfaceOrientationPortrait UIInterfaceOrientationPortraitUpsideDown UIInterfaceOrientationLandscapeLeft UIInterfaceOrientationLandscapeRight";
				INFOPLIST_KEY_UISupportedInterfaceOrientations_iPhone = "UIInterfaceOrientationPortrait UIInterfaceOrientationLandscapeLeft UIInterfaceOrientationLandscapeRight";
				IPHONEOS_DEPLOYMENT_TARGET = 14.0;
				LD_RUNPATH_SEARCH_PATHS = (
					"$(inherited)",
					"@executable_path/Frameworks",
				);
				MARKETING_VERSION = 1.0;
				PRODUCT_BUNDLE_IDENTIFIER = com.alberto.BreakingBadCharacters;
				PRODUCT_NAME = "$(TARGET_NAME)";
				SWIFT_EMIT_LOC_STRINGS = YES;
				SWIFT_VERSION = 5.0;
				TARGETED_DEVICE_FAMILY = 1;
			};
			name = Release;
		};
		D3C0372A27ECE6D200B8D2A1 /* Debug */ = {
			isa = XCBuildConfiguration;
			buildSettings = {
				ALWAYS_EMBED_SWIFT_STANDARD_LIBRARIES = YES;
				BUNDLE_LOADER = "$(TEST_HOST)";
				CODE_SIGN_STYLE = Automatic;
				CURRENT_PROJECT_VERSION = 1;
				DEVELOPMENT_TEAM = MG6VSP46ZM;
				GENERATE_INFOPLIST_FILE = YES;
				IPHONEOS_DEPLOYMENT_TARGET = 15.2;
				MARKETING_VERSION = 1.0;
				PRODUCT_BUNDLE_IDENTIFIER = com.alberto.BreakingBadCharactersTests;
				PRODUCT_NAME = "$(TARGET_NAME)";
				SWIFT_EMIT_LOC_STRINGS = NO;
				SWIFT_VERSION = 5.0;
				TARGETED_DEVICE_FAMILY = "1,2";
				TEST_HOST = "$(BUILT_PRODUCTS_DIR)/BreakingBadCharacters.app/BreakingBadCharacters";
			};
			name = Debug;
		};
		D3C0372B27ECE6D200B8D2A1 /* Release */ = {
			isa = XCBuildConfiguration;
			buildSettings = {
				ALWAYS_EMBED_SWIFT_STANDARD_LIBRARIES = YES;
				BUNDLE_LOADER = "$(TEST_HOST)";
				CODE_SIGN_STYLE = Automatic;
				CURRENT_PROJECT_VERSION = 1;
				DEVELOPMENT_TEAM = MG6VSP46ZM;
				GENERATE_INFOPLIST_FILE = YES;
				IPHONEOS_DEPLOYMENT_TARGET = 15.2;
				MARKETING_VERSION = 1.0;
				PRODUCT_BUNDLE_IDENTIFIER = com.alberto.BreakingBadCharactersTests;
				PRODUCT_NAME = "$(TARGET_NAME)";
				SWIFT_EMIT_LOC_STRINGS = NO;
				SWIFT_VERSION = 5.0;
				TARGETED_DEVICE_FAMILY = "1,2";
				TEST_HOST = "$(BUILT_PRODUCTS_DIR)/BreakingBadCharacters.app/BreakingBadCharacters";
			};
			name = Release;
		};
/* End XCBuildConfiguration section */

/* Begin XCConfigurationList section */
		D3C036F427ECE6D100B8D2A1 /* Build configuration list for PBXProject "BreakingBadCharacters" */ = {
			isa = XCConfigurationList;
			buildConfigurations = (
				D3C0372427ECE6D200B8D2A1 /* Debug */,
				D3C0372527ECE6D200B8D2A1 /* Release */,
			);
			defaultConfigurationIsVisible = 0;
			defaultConfigurationName = Release;
		};
		D3C0372627ECE6D200B8D2A1 /* Build configuration list for PBXNativeTarget "BreakingBadCharacters" */ = {
			isa = XCConfigurationList;
			buildConfigurations = (
				D3C0372727ECE6D200B8D2A1 /* Debug */,
				D3C0372827ECE6D200B8D2A1 /* Release */,
			);
			defaultConfigurationIsVisible = 0;
			defaultConfigurationName = Release;
		};
		D3C0372927ECE6D200B8D2A1 /* Build configuration list for PBXNativeTarget "BreakingBadCharactersTests" */ = {
			isa = XCConfigurationList;
			buildConfigurations = (
				D3C0372A27ECE6D200B8D2A1 /* Debug */,
				D3C0372B27ECE6D200B8D2A1 /* Release */,
			);
			defaultConfigurationIsVisible = 0;
			defaultConfigurationName = Release;
		};
/* End XCConfigurationList section */

/* Begin XCRemoteSwiftPackageReference section */
		D3DE2F1E27F08586005C6C2E /* XCRemoteSwiftPackageReference "Kingfisher" */ = {
			isa = XCRemoteSwiftPackageReference;
			repositoryURL = "https://github.com/onevcat/Kingfisher";
			requirement = {
				kind = upToNextMajorVersion;
				minimumVersion = 7.0.0;
			};
		};
/* End XCRemoteSwiftPackageReference section */

/* Begin XCSwiftPackageProductDependency section */
		D3DE2F1F27F08586005C6C2E /* Kingfisher */ = {
			isa = XCSwiftPackageProductDependency;
			package = D3DE2F1E27F08586005C6C2E /* XCRemoteSwiftPackageReference "Kingfisher" */;
			productName = Kingfisher;
		};
/* End XCSwiftPackageProductDependency section */

/* Begin XCVersionGroup section */
		D32F594C27EF747B004C5ADF /* Database.xcdatamodeld */ = {
			isa = XCVersionGroup;
			children = (
				D32F594D27EF747B004C5ADF /* Database.xcdatamodel */,
			);
			currentVersion = D32F594D27EF747B004C5ADF /* Database.xcdatamodel */;
			path = Database.xcdatamodeld;
			sourceTree = "<group>";
			versionGroupType = wrapper.xcdatamodel;
		};
/* End XCVersionGroup section */
	};
	rootObject = D3C036F127ECE6D100B8D2A1 /* Project object */;
}
